{
	"name": "@abot/api-client",
	"version": "0.1.0",
	"lockfileVersion": 2,
	"requires": true,
	"packages": {
		"": {
			"name": "@abot/api-client",
			"version": "0.1.0",
			"license": "ISC",
			"dependencies": {
				"nats": "2.6.1"
			}
		},
		"../../dev/ts": {
			"name": "@abot/ts",
			"version": "0.1.0",
			"extraneous": true,
			"license": "ISC",
			"dependencies": {
				"@tsconfig/node14": "1.0.1",
				"@types/node": "17.0.21",
				"typescript": "4.5.5"
			},
			"bin": {
				"ts": "src/index.js"
			}
		},
		"../api-contract": {
			"name": "@abot/api-contract",
			"version": "0.1.0",
			"extraneous": true,
			"license": "ISC",
			"dependencies": {
				"@abot/model": "^0.1.0"
			},
			"devDependencies": {
				"@abot/ts": "^0.1.0"
			}
		},
		"../model": {
			"name": "@abot/model",
			"version": "0.1.0",
			"extraneous": true,
			"license": "ISC",
			"dependencies": {
				"@abot/ts": "^0.1.0"
			}
		},
		"node_modules/@types/node": {
			"version": "14.18.12",
			"resolved": "https://registry.npmjs.org/@types/node/-/node-14.18.12.tgz",
			"integrity": "sha512-q4jlIR71hUpWTnGhXWcakgkZeHa3CCjcQcnuzU8M891BAWA2jHiziiWEPEkdS5pFsz7H9HJiy8BrK7tBRNrY7A=="
		},
		"node_modules/nats": {
			"version": "2.6.1",
			"resolved": "https://registry.npmjs.org/nats/-/nats-2.6.1.tgz",
			"integrity": "sha512-PwcSZgWS2+JDoiU1Nd25eiV6wdvZbsCrBjyGyhqcJ72+SP2mJw0A0Sz4FKiSehx3mm2A61vwvC9rhkrNAMPpAw==",
			"dependencies": {
				"nkeys.js": "^1.0.0-9"
			},
			"engines": {
				"node": ">= 10.0.0"
			}
		},
		"node_modules/nkeys.js": {
			"version": "1.0.0-9",
			"resolved": "https://registry.npmjs.org/nkeys.js/-/nkeys.js-1.0.0-9.tgz",
			"integrity": "sha512-m9O0NQT+3rUe1om6MWpxV77EuHql/LdorDH+FYQkoeARcM2V0sQ89kM36fArWaHWq/25EmNmQUW0MhLTcbqW1A==",
			"dependencies": {
				"@types/node": "^14.0.26",
				"tweetnacl": "^1.0.3"
			},
			"engines": {
				"node": ">=10.0.0"
			}
		},
		"node_modules/tweetnacl": {
			"version": "1.0.3",
			"resolved": "https://registry.npmjs.org/tweetnacl/-/tweetnacl-1.0.3.tgz",
			"integrity": "sha512-6rt+RN7aOi1nGMyC4Xa5DdYiukl2UWCbcJft7YhxReBGQD7OAM8Pbxw6YMo4r2diNEA8FEmu32YOn9rhaiE5yw=="
		}
	},
	"dependencies": {
		"@types/node": {
			"version": "14.18.12",
			"resolved": "https://registry.npmjs.org/@types/node/-/node-14.18.12.tgz",
			"integrity": "sha512-q4jlIR71hUpWTnGhXWcakgkZeHa3CCjcQcnuzU8M891BAWA2jHiziiWEPEkdS5pFsz7H9HJiy8BrK7tBRNrY7A=="
		},
		"nats": {
			"version": "2.6.1",
			"resolved": "https://registry.npmjs.org/nats/-/nats-2.6.1.tgz",
			"integrity": "sha512-PwcSZgWS2+JDoiU1Nd25eiV6wdvZbsCrBjyGyhqcJ72+SP2mJw0A0Sz4FKiSehx3mm2A61vwvC9rhkrNAMPpAw==",
			"requires": {
				"nkeys.js": "^1.0.0-9"
			}
		},
		"nkeys.js": {
			"version": "1.0.0-9",
			"resolved": "https://registry.npmjs.org/nkeys.js/-/nkeys.js-1.0.0-9.tgz",
			"integrity": "sha512-m9O0NQT+3rUe1om6MWpxV77EuHql/LdorDH+FYQkoeARcM2V0sQ89kM36fArWaHWq/25EmNmQUW0MhLTcbqW1A==",
			"requires": {
				"@types/node": "^14.0.26",
				"tweetnacl": "^1.0.3"
			}
		},
		"tweetnacl": {
			"version": "1.0.3",
			"resolved": "https://registry.npmjs.org/tweetnacl/-/tweetnacl-1.0.3.tgz",
			"integrity": "sha512-6rt+RN7aOi1nGMyC4Xa5DdYiukl2UWCbcJft7YhxReBGQD7OAM8Pbxw6YMo4r2diNEA8FEmu32YOn9rhaiE5yw=="
		}
	}
}
